
Microsoft Visual Studio Solution File, Format Version 12.00
# Visual Studio 15
VisualStudioVersion = 15.0.26730.10
MinimumVisualStudioVersion = 10.0.40219.1
Project("{FAE04EC0-301F-11D3-BF4B-00C04F79EFBC}") = "CognitiveServices.Demo", "CognitiveServices.Demo\CognitiveServices.Demo.csproj", "{296EEACE-D25B-4B4B-9BBB-49C700FDC561}"
EndProject
Project("{FAE04EC0-301F-11D3-BF4B-00C04F79EFBC}") = "CognitiveServices.FaceApi", "CognitiveServices.FaceApi\CognitiveServices.FaceApi.csproj", "{C3AFDDDF-6107-48B8-8853-34836398236A}"
EndProject
Global
	GlobalSection(SolutionConfigurationPlatforms) = preSolution
		Debug|Any CPU = Debug|Any CPU
		Release|Any CPU = Release|Any CPU
	EndGlobalSection
	GlobalSection(ProjectConfigurationPlatforms) = postSolution
		{296EEACE-D25B-4B4B-9BBB-49C700FDC561}.Debug|Any CPU.ActiveCfg = Debug|Any CPU
		{296EEACE-D25B-4B4B-9BBB-49C700FDC561}.Debug|Any CPU.Build.0 = Debug|Any CPU
		{296EEACE-D25B-4B4B-9BBB-49C700FDC561}.Release|Any CPU.ActiveCfg = Release|Any CPU
		{296EEACE-D25B-4B4B-9BBB-49C700FDC561}.Release|Any CPU.Build.0 = Release|Any CPU
		{C3AFDDDF-6107-48B8-8853-34836398236A}.Debug|Any CPU.ActiveCfg = Debug|Any CPU
		{C3AFDDDF-6107-48B8-8853-34836398236A}.Debug|Any CPU.Build.0 = Debug|Any CPU
		{C3AFDDDF-6107-48B8-8853-34836398236A}.Release|Any CPU.ActiveCfg = Release|Any CPU
		{C3AFDDDF-6107-48B8-8853-34836398236A}.Release|Any CPU.Build.0 = Release|Any CPU
	EndGlobalSection
	GlobalSection(SolutionProperties) = preSolution
		HideSolutionNode = FALSE
	EndGlobalSection
	GlobalSection(ExtensibilityGlobals) = postSolution
		SolutionGuid = {7460537D-A7C5-48C3-B78B-4409B8E15E60}
	EndGlobalSection
EndGlobal
